
Microsoft Visual Studio Solution File, Format Version 12.00
# Visual Studio Version 16
VisualStudioVersion = 16.0.28729.10
MinimumVisualStudioVersion = 10.0.40219.1
Project("{9A19103F-16F7-4668-BE54-9A1E7A4F7556}") = "OrderProcessor", "OrderProcessor\OrderProcessor.csproj", "{312E8688-1D3F-497F-AE17-ED671CBBA256}"
EndProject
Global
	GlobalSection(SolutionConfigurationPlatforms) = preSolution
		Debug|Any CPU = Debug|Any CPU
		Release|Any CPU = Release|Any CPU
	EndGlobalSection
	GlobalSection(ProjectConfigurationPlatforms) = postSolution
		{312E8688-1D3F-497F-AE17-ED671CBBA256}.Debug|Any CPU.ActiveCfg = Debug|Any CPU
		{312E8688-1D3F-497F-AE17-ED671CBBA256}.Debug|Any CPU.Build.0 = Debug|Any CPU
		{312E8688-1D3F-497F-AE17-ED671CBBA256}.Release|Any CPU.ActiveCfg = Release|Any CPU
		{312E8688-1D3F-497F-AE17-ED671CBBA256}.Release|Any CPU.Build.0 = Release|Any CPU
	EndGlobalSection
	GlobalSection(SolutionProperties) = preSolution
		HideSolutionNode = FALSE
	EndGlobalSection
	GlobalSection(ExtensibilityGlobals) = postSolution
		SolutionGuid = {DD9D9222-91F0-4B90-B126-082E1989D4CD}
	EndGlobalSection
EndGlobal
